
Microsoft Visual Studio Solution File, Format Version 12.00
# Visual Studio Version 17
VisualStudioVersion = 17.7.34024.191
MinimumVisualStudioVersion = 10.0.40219.1
Project("{FAE04EC0-301F-11D3-BF4B-00C04F79EFBC}") = "NugetSpider", "NugetSpider\NugetSpider.csproj", "{7D171FD3-1B81-4C19-9E21-691D31C0CC2D}"
EndProject
Global
	GlobalSection(SolutionConfigurationPlatforms) = preSolution
		Debug|Any CPU = Debug|Any CPU
		Release|Any CPU = Release|Any CPU
	EndGlobalSection
	GlobalSection(ProjectConfigurationPlatforms) = postSolution
		{7D171FD3-1B81-4C19-9E21-691D31C0CC2D}.Debug|Any CPU.ActiveCfg = Debug|Any CPU
		{7D171FD3-1B81-4C19-9E21-691D31C0CC2D}.Debug|Any CPU.Build.0 = Debug|Any CPU
		{7D171FD3-1B81-4C19-9E21-691D31C0CC2D}.Release|Any CPU.ActiveCfg = Release|Any CPU
		{7D171FD3-1B81-4C19-9E21-691D31C0CC2D}.Release|Any CPU.Build.0 = Release|Any CPU
	EndGlobalSection
	GlobalSection(SolutionProperties) = preSolution
		HideSolutionNode = FALSE
	EndGlobalSection
	GlobalSection(ExtensibilityGlobals) = postSolution
		SolutionGuid = {1A7AF007-4C71-4080-8A18-D5DF5C278015}
	EndGlobalSection
EndGlobal
